
Microsoft Visual Studio Solution File, Format Version 12.00
# Visual Studio Version 17
VisualStudioVersion = 17.7.34024.191
MinimumVisualStudioVersion = 10.0.40219.1
Project("{FAE04EC0-301F-11D3-BF4B-00C04F79EFBC}") = "PrimitierNOVRDBG", "PrimitierNOVRDBG\PrimitierNOVRDBG.csproj", "{E6BC2749-0339-4E23-9307-FE84AE9A05AB}"
EndProject
Global
	GlobalSection(SolutionConfigurationPlatforms) = preSolution
		Debug|Any CPU = Debug|Any CPU
		Release|Any CPU = Release|Any CPU
	EndGlobalSection
	GlobalSection(ProjectConfigurationPlatforms) = postSolution
		{E6BC2749-0339-4E23-9307-FE84AE9A05AB}.Debug|Any CPU.ActiveCfg = Debug|Any CPU
		{E6BC2749-0339-4E23-9307-FE84AE9A05AB}.Debug|Any CPU.Build.0 = Debug|Any CPU
		{E6BC2749-0339-4E23-9307-FE84AE9A05AB}.Release|Any CPU.ActiveCfg = Release|Any CPU
		{E6BC2749-0339-4E23-9307-FE84AE9A05AB}.Release|Any CPU.Build.0 = Release|Any CPU
	EndGlobalSection
	GlobalSection(SolutionProperties) = preSolution
		HideSolutionNode = FALSE
	EndGlobalSection
	GlobalSection(ExtensibilityGlobals) = postSolution
		SolutionGuid = {C65AE83F-910C-449E-AFE8-3B6FD2B2C859}
	EndGlobalSection
EndGlobal
